
Microsoft Visual Studio Solution File, Format Version 12.00
# Visual Studio Version 17
VisualStudioVersion = 17.9.34728.123
MinimumVisualStudioVersion = 10.0.40219.1
Project("{9A19103F-16F7-4668-BE54-9A1E7A4F7556}") = "GitHubLetterCounter", "GitHubLetterCounter.csproj", "{A34CF0FB-30F6-4556-87A1-465175800D66}"
EndProject
Global
	GlobalSection(SolutionConfigurationPlatforms) = preSolution
		Debug|Any CPU = Debug|Any CPU
		Release|Any CPU = Release|Any CPU
	EndGlobalSection
	GlobalSection(ProjectConfigurationPlatforms) = postSolution
		{A34CF0FB-30F6-4556-87A1-465175800D66}.Debug|Any CPU.ActiveCfg = Debug|Any CPU
		{A34CF0FB-30F6-4556-87A1-465175800D66}.Debug|Any CPU.Build.0 = Debug|Any CPU
		{A34CF0FB-30F6-4556-87A1-465175800D66}.Release|Any CPU.ActiveCfg = Release|Any CPU
		{A34CF0FB-30F6-4556-87A1-465175800D66}.Release|Any CPU.Build.0 = Release|Any CPU
	EndGlobalSection
	GlobalSection(SolutionProperties) = preSolution
		HideSolutionNode = FALSE
	EndGlobalSection
	GlobalSection(ExtensibilityGlobals) = postSolution
		SolutionGuid = {6EF924ED-DF0D-4CBC-B75D-31DCEFD1E37C}
	EndGlobalSection
EndGlobal
